// !$*UTF8*$!
{
	archiveVersion = 1;
	classes = {
	};
	objectVersion = 55;
	objects = {

/* Begin PBXBuildFile section */
		A875328728B0ABB4002D1630 /* main.swift in Sources */ = {isa = PBXBuildFile; fileRef = A875328628B0ABB4002D1630 /* main.swift */; };
		A875329428B0BDE2002D1630 /* HW2_Task1.swift in Sources */ = {isa = PBXBuildFile; fileRef = A875329028B0B485002D1630 /* HW2_Task1.swift */; };
		A875329528B0BDE5002D1630 /* HW2_Task3.swift in Sources */ = {isa = PBXBuildFile; fileRef = A875329128B0B485002D1630 /* HW2_Task3.swift */; };
		A875329628B0BDE8002D1630 /* HW2_Task4.swift in Sources */ = {isa = PBXBuildFile; fileRef = A875329228B0B485002D1630 /* HW2_Task4.swift */; };
		A875329728B0BDEA002D1630 /* HW2_Task2.swift in Sources */ = {isa = PBXBuildFile; fileRef = A875329328B0B485002D1630 /* HW2_Task2.swift */; };
		A875329828B0BE0A002D1630 /* Utils.swift in Sources */ = {isa = PBXBuildFile; fileRef = A875328E28B0B460002D1630 /* Utils.swift */; };
		A875329B28B3E7C3002D1630 /* HW3_T1.swift in Sources */ = {isa = PBXBuildFile; fileRef = A875329A28B3E7C3002D1630 /* HW3_T1.swift */; };
		A875329D28B55CB8002D1630 /* HW3_T2.swift in Sources */ = {isa = PBXBuildFile; fileRef = A875329C28B55CB8002D1630 /* HW3_T2.swift */; };
		A875329F28B66227002D1630 /* HW3_HR_Raskin_Bobbins.swift in Sources */ = {isa = PBXBuildFile; fileRef = A875329E28B66227002D1630 /* HW3_HR_Raskin_Bobbins.swift */; };
/* End PBXBuildFile section */

/* Begin PBXCopyFilesBuildPhase section */
		A875328128B0ABB4002D1630 /* CopyFiles */ = {
			isa = PBXCopyFilesBuildPhase;
			buildActionMask = 2147483647;
			dstPath = /usr/share/man/man1/;
			dstSubfolderSpec = 0;
			files = (
			);
			runOnlyForDeploymentPostprocessing = 1;
		};
/* End PBXCopyFilesBuildPhase section */

/* Begin PBXFileReference section */
		A875328328B0ABB4002D1630 /* Algorithms_HW_clt */ = {isa = PBXFileReference; explicitFileType = "compiled.mach-o.executable"; includeInIndex = 0; path = Algorithms_HW_clt; sourceTree = BUILT_PRODUCTS_DIR; };
		A875328628B0ABB4002D1630 /* main.swift */ = {isa = PBXFileReference; lastKnownFileType = sourcecode.swift; path = main.swift; sourceTree = "<group>"; };
		A875328E28B0B460002D1630 /* Utils.swift */ = {isa = PBXFileReference; lastKnownFileType = sourcecode.swift; path = Utils.swift; sourceTree = "<group>"; };
		A875329028B0B485002D1630 /* HW2_Task1.swift */ = {isa = PBXFileReference; lastKnownFileType = sourcecode.swift; path = HW2_Task1.swift; sourceTree = "<group>"; };
		A875329128B0B485002D1630 /* HW2_Task3.swift */ = {isa = PBXFileReference; lastKnownFileType = sourcecode.swift; path = HW2_Task3.swift; sourceTree = "<group>"; };
		A875329228B0B485002D1630 /* HW2_Task4.swift */ = {isa = PBXFileReference; lastKnownFileType = sourcecode.swift; path = HW2_Task4.swift; sourceTree = "<group>"; };
		A875329328B0B485002D1630 /* HW2_Task2.swift */ = {isa = PBXFileReference; lastKnownFileType = sourcecode.swift; path = HW2_Task2.swift; sourceTree = "<group>"; };
		A875329A28B3E7C3002D1630 /* HW3_T1.swift */ = {isa = PBXFileReference; lastKnownFileType = sourcecode.swift; path = HW3_T1.swift; sourceTree = "<group>"; };
		A875329C28B55CB8002D1630 /* HW3_T2.swift */ = {isa = PBXFileReference; lastKnownFileType = sourcecode.swift; path = HW3_T2.swift; sourceTree = "<group>"; };
		A875329E28B66227002D1630 /* HW3_HR_Raskin_Bobbins.swift */ = {isa = PBXFileReference; lastKnownFileType = sourcecode.swift; path = HW3_HR_Raskin_Bobbins.swift; sourceTree = "<group>"; };
/* End PBXFileReference section */

/* Begin PBXFrameworksBuildPhase section */
		A875328028B0ABB4002D1630 /* Frameworks */ = {
			isa = PBXFrameworksBuildPhase;
			buildActionMask = 2147483647;
			files = (
			);
			runOnlyForDeploymentPostprocessing = 0;
		};
/* End PBXFrameworksBuildPhase section */

/* Begin PBXGroup section */
		A875327A28B0ABB4002D1630 = {
			isa = PBXGroup;
			children = (
				A875328528B0ABB4002D1630 /* Algorithms_HW_clt */,
				A875328428B0ABB4002D1630 /* Products */,
			);
			sourceTree = "<group>";
		};
		A875328428B0ABB4002D1630 /* Products */ = {
			isa = PBXGroup;
			children = (
				A875328328B0ABB4002D1630 /* Algorithms_HW_clt */,
			);
			name = Products;
			sourceTree = "<group>";
		};
		A875328528B0ABB4002D1630 /* Algorithms_HW_clt */ = {
			isa = PBXGroup;
			children = (
				A875328D28B0B460002D1630 /* Helpers */,
				A875328628B0ABB4002D1630 /* main.swift */,
				A875328F28B0B485002D1630 /* HW2 */,
				A875329928B3E691002D1630 /* HW3 */,
			);
			path = Algorithms_HW_clt;
			sourceTree = "<group>";
		};
		A875328D28B0B460002D1630 /* Helpers */ = {
			isa = PBXGroup;
			children = (
				A875328E28B0B460002D1630 /* Utils.swift */,
			);
			path = Helpers;
			sourceTree = "<group>";
		};
		A875328F28B0B485002D1630 /* HW2 */ = {
			isa = PBXGroup;
			children = (
				A875329028B0B485002D1630 /* HW2_Task1.swift */,
				A875329328B0B485002D1630 /* HW2_Task2.swift */,
				A875329128B0B485002D1630 /* HW2_Task3.swift */,
				A875329228B0B485002D1630 /* HW2_Task4.swift */,
			);
			path = HW2;
			sourceTree = "<group>";
		};
		A875329928B3E691002D1630 /* HW3 */ = {
			isa = PBXGroup;
			children = (
				A875329A28B3E7C3002D1630 /* HW3_T1.swift */,
				A875329C28B55CB8002D1630 /* HW3_T2.swift */,
				A875329E28B66227002D1630 /* HW3_HR_Raskin_Bobbins.swift */,
			);
			path = HW3;
			sourceTree = "<group>";
		};
/* End PBXGroup section */

/* Begin PBXNativeTarget section */
		A875328228B0ABB4002D1630 /* Algorithms_HW_clt */ = {
			isa = PBXNativeTarget;
			buildConfigurationList = A875328A28B0ABB4002D1630 /* Build configuration list for PBXNativeTarget "Algorithms_HW_clt" */;
			buildPhases = (
				A875327F28B0ABB4002D1630 /* Sources */,
				A875328028B0ABB4002D1630 /* Frameworks */,
				A875328128B0ABB4002D1630 /* CopyFiles */,
			);
			buildRules = (
			);
			dependencies = (
			);
			name = Algorithms_HW_clt;
			productName = Algorithms_HW_clt;
			productReference = A875328328B0ABB4002D1630 /* Algorithms_HW_clt */;
			productType = "com.apple.product-type.tool";
		};
/* End PBXNativeTarget section */

/* Begin PBXProject section */
		A875327B28B0ABB4002D1630 /* Project object */ = {
			isa = PBXProject;
			attributes = {
				BuildIndependentTargetsInParallel = 1;
				LastSwiftUpdateCheck = 1330;
				LastUpgradeCheck = 1330;
				TargetAttributes = {
					A875328228B0ABB4002D1630 = {
						CreatedOnToolsVersion = 13.3.1;
					};
				};
			};
			buildConfigurationList = A875327E28B0ABB4002D1630 /* Build configuration list for PBXProject "Algorithms_HW_clt" */;
			compatibilityVersion = "Xcode 13.0";
			developmentRegion = en;
			hasScannedForEncodings = 0;
			knownRegions = (
				en,
				Base,
			);
			mainGroup = A875327A28B0ABB4002D1630;
			productRefGroup = A875328428B0ABB4002D1630 /* Products */;
			projectDirPath = "";
			projectRoot = "";
			targets = (
				A875328228B0ABB4002D1630 /* Algorithms_HW_clt */,
			);
		};
/* End PBXProject section */

/* Begin PBXSourcesBuildPhase section */
		A875327F28B0ABB4002D1630 /* Sources */ = {
			isa = PBXSourcesBuildPhase;
			buildActionMask = 2147483647;
			files = (
				A875329428B0BDE2002D1630 /* HW2_Task1.swift in Sources */,
				A875329628B0BDE8002D1630 /* HW2_Task4.swift in Sources */,
				A875329528B0BDE5002D1630 /* HW2_Task3.swift in Sources */,
				A875329B28B3E7C3002D1630 /* HW3_T1.swift in Sources */,
				A875329728B0BDEA002D1630 /* HW2_Task2.swift in Sources */,
				A875328728B0ABB4002D1630 /* main.swift in Sources */,
				A875329D28B55CB8002D1630 /* HW3_T2.swift in Sources */,
				A875329F28B66227002D1630 /* HW3_HR_Raskin_Bobbins.swift in Sources */,
				A875329828B0BE0A002D1630 /* Utils.swift in Sources */,
			);
			runOnlyForDeploymentPostprocessing = 0;
		};
/* End PBXSourcesBuildPhase section */

/* Begin XCBuildConfiguration section */
		A875328828B0ABB4002D1630 /* Debug */ = {
			isa = XCBuildConfiguration;
			buildSettings = {
				ALWAYS_SEARCH_USER_PATHS = NO;
				CLANG_ANALYZER_NONNULL = YES;
				CLANG_ANALYZER_NUMBER_OBJECT_CONVERSION = YES_AGGRESSIVE;
				CLANG_CXX_LANGUAGE_STANDARD = "gnu++17";
				CLANG_ENABLE_MODULES = YES;
				CLANG_ENABLE_OBJC_ARC = YES;
				CLANG_ENABLE_OBJC_WEAK = YES;
				CLANG_WARN_BLOCK_CAPTURE_AUTORELEASING = YES;
				CLANG_WARN_BOOL_CONVERSION = YES;
				CLANG_WARN_COMMA = YES;
				CLANG_WARN_CONSTANT_CONVERSION = YES;
				CLANG_WARN_DEPRECATED_OBJC_IMPLEMENTATIONS = YES;
				CLANG_WARN_DIRECT_OBJC_ISA_USAGE = YES_ERROR;
				CLANG_WARN_DOCUMENTATION_COMMENTS = YES;
				CLANG_WARN_EMPTY_BODY = YES;
				CLANG_WARN_ENUM_CONVERSION = YES;
				CLANG_WARN_INFINITE_RECURSION = YES;
				CLANG_WARN_INT_CONVERSION = YES;
				CLANG_WARN_NON_LITERAL_NULL_CONVERSION = YES;
				CLANG_WARN_OBJC_IMPLICIT_RETAIN_SELF = YES;
				CLANG_WARN_OBJC_LITERAL_CONVERSION = YES;
				CLANG_WARN_OBJC_ROOT_CLASS = YES_ERROR;
				CLANG_WARN_QUOTED_INCLUDE_IN_FRAMEWORK_HEADER = YES;
				CLANG_WARN_RANGE_LOOP_ANALYSIS = YES;
				CLANG_WARN_STRICT_PROTOTYPES = YES;
				CLANG_WARN_SUSPICIOUS_MOVE = YES;
				CLANG_WARN_UNGUARDED_AVAILABILITY = YES_AGGRESSIVE;
				CLANG_WARN_UNREACHABLE_CODE = YES;
				CLANG_WARN__DUPLICATE_METHOD_MATCH = YES;
				COPY_PHASE_STRIP = NO;
				DEBUG_INFORMATION_FORMAT = dwarf;
				ENABLE_STRICT_OBJC_MSGSEND = YES;
				ENABLE_TESTABILITY = YES;
				GCC_C_LANGUAGE_STANDARD = gnu11;
				GCC_DYNAMIC_NO_PIC = NO;
				GCC_NO_COMMON_BLOCKS = YES;
				GCC_OPTIMIZATION_LEVEL = 0;
				GCC_PREPROCESSOR_DEFINITIONS = (
					"DEBUG=1",
					"$(inherited)",
				);
				GCC_WARN_64_TO_32_BIT_CONVERSION = YES;
				GCC_WARN_ABOUT_RETURN_TYPE = YES_ERROR;
				GCC_WARN_UNDECLARED_SELECTOR = YES;
				GCC_WARN_UNINITIALIZED_AUTOS = YES_AGGRESSIVE;
				GCC_WARN_UNUSED_FUNCTION = YES;
				GCC_WARN_UNUSED_VARIABLE = YES;
				MACOSX_DEPLOYMENT_TARGET = 12.2;
				MTL_ENABLE_DEBUG_INFO = INCLUDE_SOURCE;
				MTL_FAST_MATH = YES;
				ONLY_ACTIVE_ARCH = YES;
				SDKROOT = macosx;
				SWIFT_ACTIVE_COMPILATION_CONDITIONS = DEBUG;
				SWIFT_OPTIMIZATION_LEVEL = "-Onone";
			};
			name = Debug;
		};
		A875328928B0ABB4002D1630 /* Release */ = {
			isa = XCBuildConfiguration;
			buildSettings = {
				ALWAYS_SEARCH_USER_PATHS = NO;
				CLANG_ANALYZER_NONNULL = YES;
				CLANG_ANALYZER_NUMBER_OBJECT_CONVERSION = YES_AGGRESSIVE;
				CLANG_CXX_LANGUAGE_STANDARD = "gnu++17";
				CLANG_ENABLE_MODULES = YES;
				CLANG_ENABLE_OBJC_ARC = YES;
				CLANG_ENABLE_OBJC_WEAK = YES;
				CLANG_WARN_BLOCK_CAPTURE_AUTORELEASING = YES;
				CLANG_WARN_BOOL_CONVERSION = YES;
				CLANG_WARN_COMMA = YES;
				CLANG_WARN_CONSTANT_CONVERSION = YES;
				CLANG_WARN_DEPRECATED_OBJC_IMPLEMENTATIONS = YES;
				CLANG_WARN_DIRECT_OBJC_ISA_USAGE = YES_ERROR;
				CLANG_WARN_DOCUMENTATION_COMMENTS = YES;
				CLANG_WARN_EMPTY_BODY = YES;
				CLANG_WARN_ENUM_CONVERSION = YES;
				CLANG_WARN_INFINITE_RECURSION = YES;
				CLANG_WARN_INT_CONVERSION = YES;
				CLANG_WARN_NON_LITERAL_NULL_CONVERSION = YES;
				CLANG_WARN_OBJC_IMPLICIT_RETAIN_SELF = YES;
				CLANG_WARN_OBJC_LITERAL_CONVERSION = YES;
				CLANG_WARN_OBJC_ROOT_CLASS = YES_ERROR;
				CLANG_WARN_QUOTED_INCLUDE_IN_FRAMEWORK_HEADER = YES;
				CLANG_WARN_RANGE_LOOP_ANALYSIS = YES;
				CLANG_WARN_STRICT_PROTOTYPES = YES;
				CLANG_WARN_SUSPICIOUS_MOVE = YES;
				CLANG_WARN_UNGUARDED_AVAILABILITY = YES_AGGRESSIVE;
				CLANG_WARN_UNREACHABLE_CODE = YES;
				CLANG_WARN__DUPLICATE_METHOD_MATCH = YES;
				COPY_PHASE_STRIP = NO;
				DEBUG_INFORMATION_FORMAT = "dwarf-with-dsym";
				ENABLE_NS_ASSERTIONS = NO;
				ENABLE_STRICT_OBJC_MSGSEND = YES;
				GCC_C_LANGUAGE_STANDARD = gnu11;
				GCC_NO_COMMON_BLOCKS = YES;
				GCC_WARN_64_TO_32_BIT_CONVERSION = YES;
				GCC_WARN_ABOUT_RETURN_TYPE = YES_ERROR;
				GCC_WARN_UNDECLARED_SELECTOR = YES;
				GCC_WARN_UNINITIALIZED_AUTOS = YES_AGGRESSIVE;
				GCC_WARN_UNUSED_FUNCTION = YES;
				GCC_WARN_UNUSED_VARIABLE = YES;
				MACOSX_DEPLOYMENT_TARGET = 12.2;
				MTL_ENABLE_DEBUG_INFO = NO;
				MTL_FAST_MATH = YES;
				SDKROOT = macosx;
				SWIFT_COMPILATION_MODE = wholemodule;
				SWIFT_OPTIMIZATION_LEVEL = "-O";
			};
			name = Release;
		};
		A875328B28B0ABB4002D1630 /* Debug */ = {
			isa = XCBuildConfiguration;
			buildSettings = {
				CODE_SIGN_STYLE = Automatic;
				DEVELOPMENT_TEAM = KJKHHQ7W78;
				ENABLE_HARDENED_RUNTIME = YES;
				PRODUCT_NAME = "$(TARGET_NAME)";
				SWIFT_VERSION = 5.0;
			};
			name = Debug;
		};
		A875328C28B0ABB4002D1630 /* Release */ = {
			isa = XCBuildConfiguration;
			buildSettings = {
				CODE_SIGN_STYLE = Automatic;
				DEVELOPMENT_TEAM = KJKHHQ7W78;
				ENABLE_HARDENED_RUNTIME = YES;
				PRODUCT_NAME = "$(TARGET_NAME)";
				SWIFT_VERSION = 5.0;
			};
			name = Release;
		};
/* End XCBuildConfiguration section */

/* Begin XCConfigurationList section */
		A875327E28B0ABB4002D1630 /* Build configuration list for PBXProject "Algorithms_HW_clt" */ = {
			isa = XCConfigurationList;
			buildConfigurations = (
				A875328828B0ABB4002D1630 /* Debug */,
				A875328928B0ABB4002D1630 /* Release */,
			);
			defaultConfigurationIsVisible = 0;
			defaultConfigurationName = Release;
		};
		A875328A28B0ABB4002D1630 /* Build configuration list for PBXNativeTarget "Algorithms_HW_clt" */ = {
			isa = XCConfigurationList;
			buildConfigurations = (
				A875328B28B0ABB4002D1630 /* Debug */,
				A875328C28B0ABB4002D1630 /* Release */,
			);
			defaultConfigurationIsVisible = 0;
			defaultConfigurationName = Release;
		};
/* End XCConfigurationList section */
	};
	rootObject = A875327B28B0ABB4002D1630 /* Project object */;
}
